
Microsoft Visual Studio Solution File, Format Version 12.00
# Visual Studio Version 16
VisualStudioVersion = 16.0.31005.135
MinimumVisualStudioVersion = 10.0.40219.1
Project("{FAE04EC0-301F-11D3-BF4B-00C04F79EFBC}") = "GeometricShapes", "GeometricShapes\GeometricShapes.csproj", "{5E5CA429-86AA-4F0D-A7E0-6724A5D611A1}"
EndProject
Global
	GlobalSection(SolutionConfigurationPlatforms) = preSolution
		Debug|Any CPU = Debug|Any CPU
		Release|Any CPU = Release|Any CPU
	EndGlobalSection
	GlobalSection(ProjectConfigurationPlatforms) = postSolution
		{5E5CA429-86AA-4F0D-A7E0-6724A5D611A1}.Debug|Any CPU.ActiveCfg = Debug|Any CPU
		{5E5CA429-86AA-4F0D-A7E0-6724A5D611A1}.Debug|Any CPU.Build.0 = Debug|Any CPU
		{5E5CA429-86AA-4F0D-A7E0-6724A5D611A1}.Release|Any CPU.ActiveCfg = Release|Any CPU
		{5E5CA429-86AA-4F0D-A7E0-6724A5D611A1}.Release|Any CPU.Build.0 = Release|Any CPU
	EndGlobalSection
	GlobalSection(SolutionProperties) = preSolution
		HideSolutionNode = FALSE
	EndGlobalSection
	GlobalSection(ExtensibilityGlobals) = postSolution
		SolutionGuid = {BD5BD3B3-F692-414F-AE51-31CEEB179876}
	EndGlobalSection
EndGlobal
